// !$*UTF8*$!
{
	archiveVersion = 1;
	classes = {
	};
	objectVersion = 55;
	objects = {

/* Begin PBXBuildFile section */
		5102E02528AFFDC6006AF2AA /* AppDelegate.swift in Sources */ = {isa = PBXBuildFile; fileRef = 5102E02428AFFDC6006AF2AA /* AppDelegate.swift */; };
		5102E02728AFFDC6006AF2AA /* SceneDelegate.swift in Sources */ = {isa = PBXBuildFile; fileRef = 5102E02628AFFDC6006AF2AA /* SceneDelegate.swift */; };
		5102E02928AFFDC6006AF2AA /* MainViewController.swift in Sources */ = {isa = PBXBuildFile; fileRef = 5102E02828AFFDC6006AF2AA /* MainViewController.swift */; };
		5102E02C28AFFDC6006AF2AA /* Main.storyboard in Resources */ = {isa = PBXBuildFile; fileRef = 5102E02A28AFFDC6006AF2AA /* Main.storyboard */; };
		5102E02F28AFFDC6006AF2AA /* PlantApp_UIKit.xcdatamodeld in Sources */ = {isa = PBXBuildFile; fileRef = 5102E02D28AFFDC6006AF2AA /* PlantApp_UIKit.xcdatamodeld */; };
		5102E03128AFFDC7006AF2AA /* Assets.xcassets in Resources */ = {isa = PBXBuildFile; fileRef = 5102E03028AFFDC7006AF2AA /* Assets.xcassets */; };
		5102E03428AFFDC7006AF2AA /* LaunchScreen.storyboard in Resources */ = {isa = PBXBuildFile; fileRef = 5102E03228AFFDC7006AF2AA /* LaunchScreen.storyboard */; };
		513CBC4828C79E7700CBC760 /* PlantApp.xcdatamodeld in Sources */ = {isa = PBXBuildFile; fileRef = 513CBC4628C79E7700CBC760 /* PlantApp.xcdatamodeld */; };
		513CBC4A28C79F4B00CBC760 /* DataController.swift in Sources */ = {isa = PBXBuildFile; fileRef = 513CBC4928C79F4B00CBC760 /* DataController.swift */; };
		513CBC4F28C7A6D200CBC760 /* WeatherData.swift in Sources */ = {isa = PBXBuildFile; fileRef = 513CBC4B28C7A6D100CBC760 /* WeatherData.swift */; };
		513CBC5228C7A6D200CBC760 /* WeatherModel.swift in Sources */ = {isa = PBXBuildFile; fileRef = 513CBC4E28C7A6D200CBC760 /* WeatherModel.swift */; };
		513CBC5428C7A7AC00CBC760 /* WeatherLocationManager.swift in Sources */ = {isa = PBXBuildFile; fileRef = 513CBC5328C7A7AC00CBC760 /* WeatherLocationManager.swift */; };
		51706C0A28C1193D00E0F4B8 /* AddPlantViewController.swift in Sources */ = {isa = PBXBuildFile; fileRef = 51706C0828C1193D00E0F4B8 /* AddPlantViewController.swift */; };
		51C78B9828B18C8D00CD728F /* PlantTableViewCell.swift in Sources */ = {isa = PBXBuildFile; fileRef = 51C78B9628B18C8D00CD728F /* PlantTableViewCell.swift */; };
		51C78B9928B18C8D00CD728F /* PlantTableViewCell.xib in Resources */ = {isa = PBXBuildFile; fileRef = 51C78B9728B18C8D00CD728F /* PlantTableViewCell.xib */; };
		51EA0F2F28B298CD0023A9D9 /* PlantViewController.swift in Sources */ = {isa = PBXBuildFile; fileRef = 51EA0F2E28B298CD0023A9D9 /* PlantViewController.swift */; };
/* End PBXBuildFile section */

/* Begin PBXFileReference section */
		5102E02128AFFDC6006AF2AA /* PlantApp_UIKit.app */ = {isa = PBXFileReference; explicitFileType = wrapper.application; includeInIndex = 0; path = PlantApp_UIKit.app; sourceTree = BUILT_PRODUCTS_DIR; };
		5102E02428AFFDC6006AF2AA /* AppDelegate.swift */ = {isa = PBXFileReference; lastKnownFileType = sourcecode.swift; path = AppDelegate.swift; sourceTree = "<group>"; };
		5102E02628AFFDC6006AF2AA /* SceneDelegate.swift */ = {isa = PBXFileReference; lastKnownFileType = sourcecode.swift; path = SceneDelegate.swift; sourceTree = "<group>"; };
		5102E02828AFFDC6006AF2AA /* MainViewController.swift */ = {isa = PBXFileReference; lastKnownFileType = sourcecode.swift; path = MainViewController.swift; sourceTree = "<group>"; };
		5102E02B28AFFDC6006AF2AA /* Base */ = {isa = PBXFileReference; lastKnownFileType = file.storyboard; name = Base; path = Base.lproj/Main.storyboard; sourceTree = "<group>"; };
		5102E02E28AFFDC6006AF2AA /* PlantApp_UIKit.xcdatamodel */ = {isa = PBXFileReference; lastKnownFileType = wrapper.xcdatamodel; path = PlantApp_UIKit.xcdatamodel; sourceTree = "<group>"; };
		5102E03028AFFDC7006AF2AA /* Assets.xcassets */ = {isa = PBXFileReference; lastKnownFileType = folder.assetcatalog; path = Assets.xcassets; sourceTree = "<group>"; };
		5102E03328AFFDC7006AF2AA /* Base */ = {isa = PBXFileReference; lastKnownFileType = file.storyboard; name = Base; path = Base.lproj/LaunchScreen.storyboard; sourceTree = "<group>"; };
		5102E03528AFFDC7006AF2AA /* Info.plist */ = {isa = PBXFileReference; lastKnownFileType = text.plist.xml; path = Info.plist; sourceTree = "<group>"; };
		513CBC4728C79E7700CBC760 /* PlantApp.xcdatamodel */ = {isa = PBXFileReference; lastKnownFileType = wrapper.xcdatamodel; path = PlantApp.xcdatamodel; sourceTree = "<group>"; };
		513CBC4928C79F4B00CBC760 /* DataController.swift */ = {isa = PBXFileReference; lastKnownFileType = sourcecode.swift; path = DataController.swift; sourceTree = "<group>"; };
		513CBC4B28C7A6D100CBC760 /* WeatherData.swift */ = {isa = PBXFileReference; fileEncoding = 4; lastKnownFileType = sourcecode.swift; path = WeatherData.swift; sourceTree = "<group>"; };
		513CBC4E28C7A6D200CBC760 /* WeatherModel.swift */ = {isa = PBXFileReference; fileEncoding = 4; lastKnownFileType = sourcecode.swift; path = WeatherModel.swift; sourceTree = "<group>"; };
		513CBC5328C7A7AC00CBC760 /* WeatherLocationManager.swift */ = {isa = PBXFileReference; lastKnownFileType = sourcecode.swift; path = WeatherLocationManager.swift; sourceTree = "<group>"; };
		51706C0828C1193D00E0F4B8 /* AddPlantViewController.swift */ = {isa = PBXFileReference; lastKnownFileType = sourcecode.swift; path = AddPlantViewController.swift; sourceTree = "<group>"; };
		51C78B9628B18C8D00CD728F /* PlantTableViewCell.swift */ = {isa = PBXFileReference; lastKnownFileType = sourcecode.swift; path = PlantTableViewCell.swift; sourceTree = "<group>"; };
		51C78B9728B18C8D00CD728F /* PlantTableViewCell.xib */ = {isa = PBXFileReference; lastKnownFileType = file.xib; path = PlantTableViewCell.xib; sourceTree = "<group>"; };
		51EA0F2E28B298CD0023A9D9 /* PlantViewController.swift */ = {isa = PBXFileReference; lastKnownFileType = sourcecode.swift; path = PlantViewController.swift; sourceTree = "<group>"; };
/* End PBXFileReference section */

/* Begin PBXFrameworksBuildPhase section */
		5102E01E28AFFDC6006AF2AA /* Frameworks */ = {
			isa = PBXFrameworksBuildPhase;
			buildActionMask = 2147483647;
			files = (
			);
			runOnlyForDeploymentPostprocessing = 0;
		};
/* End PBXFrameworksBuildPhase section */

/* Begin PBXGroup section */
		5102E01828AFFDC6006AF2AA = {
			isa = PBXGroup;
			children = (
				5102E02328AFFDC6006AF2AA /* PlantApp_UIKit */,
				5102E02228AFFDC6006AF2AA /* Products */,
			);
			sourceTree = "<group>";
		};
		5102E02228AFFDC6006AF2AA /* Products */ = {
			isa = PBXGroup;
			children = (
				5102E02128AFFDC6006AF2AA /* PlantApp_UIKit.app */,
			);
			name = Products;
			sourceTree = "<group>";
		};
		5102E02328AFFDC6006AF2AA /* PlantApp_UIKit */ = {
			isa = PBXGroup;
			children = (
				51C78B9228B18B0F00CD728F /* Model */,
				51C78B9328B18B1E00CD728F /* Controller */,
				51C78B9128B18AF400CD728F /* View */,
				5102E02428AFFDC6006AF2AA /* AppDelegate.swift */,
				5102E02628AFFDC6006AF2AA /* SceneDelegate.swift */,
				5102E03028AFFDC7006AF2AA /* Assets.xcassets */,
				5102E03228AFFDC7006AF2AA /* LaunchScreen.storyboard */,
				5102E03528AFFDC7006AF2AA /* Info.plist */,
				5102E02D28AFFDC6006AF2AA /* PlantApp_UIKit.xcdatamodeld */,
			);
			path = PlantApp_UIKit;
			sourceTree = "<group>";
		};
		51C78B9128B18AF400CD728F /* View */ = {
			isa = PBXGroup;
			children = (
				5102E02A28AFFDC6006AF2AA /* Main.storyboard */,
				51C78B9628B18C8D00CD728F /* PlantTableViewCell.swift */,
				51C78B9728B18C8D00CD728F /* PlantTableViewCell.xib */,
			);
			path = View;
			sourceTree = "<group>";
		};
		51C78B9228B18B0F00CD728F /* Model */ = {
			isa = PBXGroup;
			children = (
				513CBC5328C7A7AC00CBC760 /* WeatherLocationManager.swift */,
				513CBC4B28C7A6D100CBC760 /* WeatherData.swift */,
				513CBC4E28C7A6D200CBC760 /* WeatherModel.swift */,
				513CBC4628C79E7700CBC760 /* PlantApp.xcdatamodeld */,
				513CBC4928C79F4B00CBC760 /* DataController.swift */,
			);
			path = Model;
			sourceTree = "<group>";
		};
		51C78B9328B18B1E00CD728F /* Controller */ = {
			isa = PBXGroup;
			children = (
				5102E02828AFFDC6006AF2AA /* MainViewController.swift */,
				51EA0F2E28B298CD0023A9D9 /* PlantViewController.swift */,
				51706C0828C1193D00E0F4B8 /* AddPlantViewController.swift */,
			);
			path = Controller;
			sourceTree = "<group>";
		};
/* End PBXGroup section */

/* Begin PBXNativeTarget section */
		5102E02028AFFDC6006AF2AA /* PlantApp_UIKit */ = {
			isa = PBXNativeTarget;
			buildConfigurationList = 5102E03828AFFDC7006AF2AA /* Build configuration list for PBXNativeTarget "PlantApp_UIKit" */;
			buildPhases = (
				5102E01D28AFFDC6006AF2AA /* Sources */,
				5102E01E28AFFDC6006AF2AA /* Frameworks */,
				5102E01F28AFFDC6006AF2AA /* Resources */,
			);
			buildRules = (
			);
			dependencies = (
			);
			name = PlantApp_UIKit;
			productName = PlantApp_UIKit;
			productReference = 5102E02128AFFDC6006AF2AA /* PlantApp_UIKit.app */;
			productType = "com.apple.product-type.application";
		};
/* End PBXNativeTarget section */

/* Begin PBXProject section */
		5102E01928AFFDC6006AF2AA /* Project object */ = {
			isa = PBXProject;
			attributes = {
				BuildIndependentTargetsInParallel = 1;
				LastSwiftUpdateCheck = 1330;
				LastUpgradeCheck = 1330;
				TargetAttributes = {
					5102E02028AFFDC6006AF2AA = {
						CreatedOnToolsVersion = 13.3;
					};
				};
			};
			buildConfigurationList = 5102E01C28AFFDC6006AF2AA /* Build configuration list for PBXProject "PlantApp_UIKit" */;
			compatibilityVersion = "Xcode 13.0";
			developmentRegion = en;
			hasScannedForEncodings = 0;
			knownRegions = (
				en,
				Base,
			);
			mainGroup = 5102E01828AFFDC6006AF2AA;
			productRefGroup = 5102E02228AFFDC6006AF2AA /* Products */;
			projectDirPath = "";
			projectRoot = "";
			targets = (
				5102E02028AFFDC6006AF2AA /* PlantApp_UIKit */,
			);
		};
/* End PBXProject section */

/* Begin PBXResourcesBuildPhase section */
		5102E01F28AFFDC6006AF2AA /* Resources */ = {
			isa = PBXResourcesBuildPhase;
			buildActionMask = 2147483647;
			files = (
				5102E03428AFFDC7006AF2AA /* LaunchScreen.storyboard in Resources */,
				51C78B9928B18C8D00CD728F /* PlantTableViewCell.xib in Resources */,
				5102E03128AFFDC7006AF2AA /* Assets.xcassets in Resources */,
				5102E02C28AFFDC6006AF2AA /* Main.storyboard in Resources */,
			);
			runOnlyForDeploymentPostprocessing = 0;
		};
/* End PBXResourcesBuildPhase section */

/* Begin PBXSourcesBuildPhase section */
		5102E01D28AFFDC6006AF2AA /* Sources */ = {
			isa = PBXSourcesBuildPhase;
			buildActionMask = 2147483647;
			files = (
				5102E02F28AFFDC6006AF2AA /* PlantApp_UIKit.xcdatamodeld in Sources */,
				51C78B9828B18C8D00CD728F /* PlantTableViewCell.swift in Sources */,
				51706C0A28C1193D00E0F4B8 /* AddPlantViewController.swift in Sources */,
				513CBC5428C7A7AC00CBC760 /* WeatherLocationManager.swift in Sources */,
				51EA0F2F28B298CD0023A9D9 /* PlantViewController.swift in Sources */,
				513CBC5228C7A6D200CBC760 /* WeatherModel.swift in Sources */,
				513CBC4A28C79F4B00CBC760 /* DataController.swift in Sources */,
				5102E02928AFFDC6006AF2AA /* MainViewController.swift in Sources */,
				513CBC4F28C7A6D200CBC760 /* WeatherData.swift in Sources */,
				513CBC4828C79E7700CBC760 /* PlantApp.xcdatamodeld in Sources */,
				5102E02528AFFDC6006AF2AA /* AppDelegate.swift in Sources */,
				5102E02728AFFDC6006AF2AA /* SceneDelegate.swift in Sources */,
			);
			runOnlyForDeploymentPostprocessing = 0;
		};
/* End PBXSourcesBuildPhase section */

/* Begin PBXVariantGroup section */
		5102E02A28AFFDC6006AF2AA /* Main.storyboard */ = {
			isa = PBXVariantGroup;
			children = (
				5102E02B28AFFDC6006AF2AA /* Base */,
			);
			name = Main.storyboard;
			sourceTree = "<group>";
		};
		5102E03228AFFDC7006AF2AA /* LaunchScreen.storyboard */ = {
			isa = PBXVariantGroup;
			children = (
				5102E03328AFFDC7006AF2AA /* Base */,
			);
			name = LaunchScreen.storyboard;
			sourceTree = "<group>";
		};
/* End PBXVariantGroup section */

/* Begin XCBuildConfiguration section */
		5102E03628AFFDC7006AF2AA /* Debug */ = {
			isa = XCBuildConfiguration;
			buildSettings = {
				ALWAYS_SEARCH_USER_PATHS = NO;
				CLANG_ANALYZER_NONNULL = YES;
				CLANG_ANALYZER_NUMBER_OBJECT_CONVERSION = YES_AGGRESSIVE;
				CLANG_CXX_LANGUAGE_STANDARD = "gnu++17";
				CLANG_ENABLE_MODULES = YES;
				CLANG_ENABLE_OBJC_ARC = YES;
				CLANG_ENABLE_OBJC_WEAK = YES;
				CLANG_WARN_BLOCK_CAPTURE_AUTORELEASING = YES;
				CLANG_WARN_BOOL_CONVERSION = YES;
				CLANG_WARN_COMMA = YES;
				CLANG_WARN_CONSTANT_CONVERSION = YES;
				CLANG_WARN_DEPRECATED_OBJC_IMPLEMENTATIONS = YES;
				CLANG_WARN_DIRECT_OBJC_ISA_USAGE = YES_ERROR;
				CLANG_WARN_DOCUMENTATION_COMMENTS = YES;
				CLANG_WARN_EMPTY_BODY = YES;
				CLANG_WARN_ENUM_CONVERSION = YES;
				CLANG_WARN_INFINITE_RECURSION = YES;
				CLANG_WARN_INT_CONVERSION = YES;
				CLANG_WARN_NON_LITERAL_NULL_CONVERSION = YES;
				CLANG_WARN_OBJC_IMPLICIT_RETAIN_SELF = YES;
				CLANG_WARN_OBJC_LITERAL_CONVERSION = YES;
				CLANG_WARN_OBJC_ROOT_CLASS = YES_ERROR;
				CLANG_WARN_QUOTED_INCLUDE_IN_FRAMEWORK_HEADER = YES;
				CLANG_WARN_RANGE_LOOP_ANALYSIS = YES;
				CLANG_WARN_STRICT_PROTOTYPES = YES;
				CLANG_WARN_SUSPICIOUS_MOVE = YES;
				CLANG_WARN_UNGUARDED_AVAILABILITY = YES_AGGRESSIVE;
				CLANG_WARN_UNREACHABLE_CODE = YES;
				CLANG_WARN__DUPLICATE_METHOD_MATCH = YES;
				COPY_PHASE_STRIP = NO;
				DEBUG_INFORMATION_FORMAT = dwarf;
				ENABLE_STRICT_OBJC_MSGSEND = YES;
				ENABLE_TESTABILITY = YES;
				GCC_C_LANGUAGE_STANDARD = gnu11;
				GCC_DYNAMIC_NO_PIC = NO;
				GCC_NO_COMMON_BLOCKS = YES;
				GCC_OPTIMIZATION_LEVEL = 0;
				GCC_PREPROCESSOR_DEFINITIONS = (
					"DEBUG=1",
					"$(inherited)",
				);
				GCC_WARN_64_TO_32_BIT_CONVERSION = YES;
				GCC_WARN_ABOUT_RETURN_TYPE = YES_ERROR;
				GCC_WARN_UNDECLARED_SELECTOR = YES;
				GCC_WARN_UNINITIALIZED_AUTOS = YES_AGGRESSIVE;
				GCC_WARN_UNUSED_FUNCTION = YES;
				GCC_WARN_UNUSED_VARIABLE = YES;
				IPHONEOS_DEPLOYMENT_TARGET = 15.4;
				MTL_ENABLE_DEBUG_INFO = INCLUDE_SOURCE;
				MTL_FAST_MATH = YES;
				ONLY_ACTIVE_ARCH = YES;
				SDKROOT = iphoneos;
				SWIFT_ACTIVE_COMPILATION_CONDITIONS = DEBUG;
				SWIFT_OPTIMIZATION_LEVEL = "-Onone";
			};
			name = Debug;
		};
		5102E03728AFFDC7006AF2AA /* Release */ = {
			isa = XCBuildConfiguration;
			buildSettings = {
				ALWAYS_SEARCH_USER_PATHS = NO;
				CLANG_ANALYZER_NONNULL = YES;
				CLANG_ANALYZER_NUMBER_OBJECT_CONVERSION = YES_AGGRESSIVE;
				CLANG_CXX_LANGUAGE_STANDARD = "gnu++17";
				CLANG_ENABLE_MODULES = YES;
				CLANG_ENABLE_OBJC_ARC = YES;
				CLANG_ENABLE_OBJC_WEAK = YES;
				CLANG_WARN_BLOCK_CAPTURE_AUTORELEASING = YES;
				CLANG_WARN_BOOL_CONVERSION = YES;
				CLANG_WARN_COMMA = YES;
				CLANG_WARN_CONSTANT_CONVERSION = YES;
				CLANG_WARN_DEPRECATED_OBJC_IMPLEMENTATIONS = YES;
				CLANG_WARN_DIRECT_OBJC_ISA_USAGE = YES_ERROR;
				CLANG_WARN_DOCUMENTATION_COMMENTS = YES;
				CLANG_WARN_EMPTY_BODY = YES;
				CLANG_WARN_ENUM_CONVERSION = YES;
				CLANG_WARN_INFINITE_RECURSION = YES;
				CLANG_WARN_INT_CONVERSION = YES;
				CLANG_WARN_NON_LITERAL_NULL_CONVERSION = YES;
				CLANG_WARN_OBJC_IMPLICIT_RETAIN_SELF = YES;
				CLANG_WARN_OBJC_LITERAL_CONVERSION = YES;
				CLANG_WARN_OBJC_ROOT_CLASS = YES_ERROR;
				CLANG_WARN_QUOTED_INCLUDE_IN_FRAMEWORK_HEADER = YES;
				CLANG_WARN_RANGE_LOOP_ANALYSIS = YES;
				CLANG_WARN_STRICT_PROTOTYPES = YES;
				CLANG_WARN_SUSPICIOUS_MOVE = YES;
				CLANG_WARN_UNGUARDED_AVAILABILITY = YES_AGGRESSIVE;
				CLANG_WARN_UNREACHABLE_CODE = YES;
				CLANG_WARN__DUPLICATE_METHOD_MATCH = YES;
				COPY_PHASE_STRIP = NO;
				DEBUG_INFORMATION_FORMAT = "dwarf-with-dsym";
				ENABLE_NS_ASSERTIONS = NO;
				ENABLE_STRICT_OBJC_MSGSEND = YES;
				GCC_C_LANGUAGE_STANDARD = gnu11;
				GCC_NO_COMMON_BLOCKS = YES;
				GCC_WARN_64_TO_32_BIT_CONVERSION = YES;
				GCC_WARN_ABOUT_RETURN_TYPE = YES_ERROR;
				GCC_WARN_UNDECLARED_SELECTOR = YES;
				GCC_WARN_UNINITIALIZED_AUTOS = YES_AGGRESSIVE;
				GCC_WARN_UNUSED_FUNCTION = YES;
				GCC_WARN_UNUSED_VARIABLE = YES;
				IPHONEOS_DEPLOYMENT_TARGET = 15.4;
				MTL_ENABLE_DEBUG_INFO = NO;
				MTL_FAST_MATH = YES;
				SDKROOT = iphoneos;
				SWIFT_COMPILATION_MODE = wholemodule;
				SWIFT_OPTIMIZATION_LEVEL = "-O";
				VALIDATE_PRODUCT = YES;
			};
			name = Release;
		};
		5102E03928AFFDC7006AF2AA /* Debug */ = {
			isa = XCBuildConfiguration;
			buildSettings = {
				ASSETCATALOG_COMPILER_APPICON_NAME = AppIcon;
				ASSETCATALOG_COMPILER_GLOBAL_ACCENT_COLOR_NAME = AccentColor;
				CODE_SIGN_STYLE = Automatic;
				CURRENT_PROJECT_VERSION = 1;
				DEVELOPMENT_TEAM = XUZG54S76B;
				GENERATE_INFOPLIST_FILE = YES;
				INFOPLIST_FILE = PlantApp_UIKit/Info.plist;
				INFOPLIST_KEY_NSLocationWhenInUseUsageDescription = "We need your location to get there current weather.";
				INFOPLIST_KEY_UIApplicationSupportsIndirectInputEvents = YES;
				INFOPLIST_KEY_UILaunchStoryboardName = LaunchScreen;
				INFOPLIST_KEY_UIMainStoryboardFile = Main;
				INFOPLIST_KEY_UISupportedInterfaceOrientations = UIInterfaceOrientationPortrait;
				INFOPLIST_KEY_UISupportedInterfaceOrientations_iPhone = UIInterfaceOrientationPortrait;
				LD_RUNPATH_SEARCH_PATHS = (
					"$(inherited)",
					"@executable_path/Frameworks",
				);
				MARKETING_VERSION = 1.0;
				PRODUCT_BUNDLE_IDENTIFIER = "com.wyyeoh.PlantApp-UIKit";
				PRODUCT_NAME = "$(TARGET_NAME)";
				SWIFT_EMIT_LOC_STRINGS = YES;
				SWIFT_VERSION = 5.0;
				TARGETED_DEVICE_FAMILY = 1;
			};
			name = Debug;
		};
		5102E03A28AFFDC7006AF2AA /* Release */ = {
			isa = XCBuildConfiguration;
			buildSettings = {
				ASSETCATALOG_COMPILER_APPICON_NAME = AppIcon;
				ASSETCATALOG_COMPILER_GLOBAL_ACCENT_COLOR_NAME = AccentColor;
				CODE_SIGN_STYLE = Automatic;
				CURRENT_PROJECT_VERSION = 1;
				DEVELOPMENT_TEAM = XUZG54S76B;
				GENERATE_INFOPLIST_FILE = YES;
				INFOPLIST_FILE = PlantApp_UIKit/Info.plist;
				INFOPLIST_KEY_NSLocationWhenInUseUsageDescription = "We need your location to get there current weather.";
				INFOPLIST_KEY_UIApplicationSupportsIndirectInputEvents = YES;
				INFOPLIST_KEY_UILaunchStoryboardName = LaunchScreen;
				INFOPLIST_KEY_UIMainStoryboardFile = Main;
				INFOPLIST_KEY_UISupportedInterfaceOrientations = UIInterfaceOrientationPortrait;
				INFOPLIST_KEY_UISupportedInterfaceOrientations_iPhone = UIInterfaceOrientationPortrait;
				LD_RUNPATH_SEARCH_PATHS = (
					"$(inherited)",
					"@executable_path/Frameworks",
				);
				MARKETING_VERSION = 1.0;
				PRODUCT_BUNDLE_IDENTIFIER = "com.wyyeoh.PlantApp-UIKit";
				PRODUCT_NAME = "$(TARGET_NAME)";
				SWIFT_EMIT_LOC_STRINGS = YES;
				SWIFT_VERSION = 5.0;
				TARGETED_DEVICE_FAMILY = 1;
			};
			name = Release;
		};
/* End XCBuildConfiguration section */

/* Begin XCConfigurationList section */
		5102E01C28AFFDC6006AF2AA /* Build configuration list for PBXProject "PlantApp_UIKit" */ = {
			isa = XCConfigurationList;
			buildConfigurations = (
				5102E03628AFFDC7006AF2AA /* Debug */,
				5102E03728AFFDC7006AF2AA /* Release */,
			);
			defaultConfigurationIsVisible = 0;
			defaultConfigurationName = Release;
		};
		5102E03828AFFDC7006AF2AA /* Build configuration list for PBXNativeTarget "PlantApp_UIKit" */ = {
			isa = XCConfigurationList;
			buildConfigurations = (
				5102E03928AFFDC7006AF2AA /* Debug */,
				5102E03A28AFFDC7006AF2AA /* Release */,
			);
			defaultConfigurationIsVisible = 0;
			defaultConfigurationName = Release;
		};
/* End XCConfigurationList section */

/* Begin XCVersionGroup section */
		5102E02D28AFFDC6006AF2AA /* PlantApp_UIKit.xcdatamodeld */ = {
			isa = XCVersionGroup;
			children = (
				5102E02E28AFFDC6006AF2AA /* PlantApp_UIKit.xcdatamodel */,
			);
			currentVersion = 5102E02E28AFFDC6006AF2AA /* PlantApp_UIKit.xcdatamodel */;
			path = PlantApp_UIKit.xcdatamodeld;
			sourceTree = "<group>";
			versionGroupType = wrapper.xcdatamodel;
		};
		513CBC4628C79E7700CBC760 /* PlantApp.xcdatamodeld */ = {
			isa = XCVersionGroup;
			children = (
				513CBC4728C79E7700CBC760 /* PlantApp.xcdatamodel */,
			);
			currentVersion = 513CBC4728C79E7700CBC760 /* PlantApp.xcdatamodel */;
			path = PlantApp.xcdatamodeld;
			sourceTree = "<group>";
			versionGroupType = wrapper.xcdatamodel;
		};
/* End XCVersionGroup section */
	};
	rootObject = 5102E01928AFFDC6006AF2AA /* Project object */;
}
