// !$*UTF8*$!
{
	archiveVersion = 1;
	classes = {
	};
	objectVersion = 55;
	objects = {

/* Begin PBXBuildFile section */
		5102E02528AFFDC6006AF2AA /* AppDelegate.swift in Sources */ = {isa = PBXBuildFile; fileRef = 5102E02428AFFDC6006AF2AA /* AppDelegate.swift */; };
		5102E02728AFFDC6006AF2AA /* SceneDelegate.swift in Sources */ = {isa = PBXBuildFile; fileRef = 5102E02628AFFDC6006AF2AA /* SceneDelegate.swift */; };
		5102E02928AFFDC6006AF2AA /* MainViewController.swift in Sources */ = {isa = PBXBuildFile; fileRef = 5102E02828AFFDC6006AF2AA /* MainViewController.swift */; };
		5102E02C28AFFDC6006AF2AA /* Main.storyboard in Resources */ = {isa = PBXBuildFile; fileRef = 5102E02A28AFFDC6006AF2AA /* Main.storyboard */; };
		5102E03128AFFDC7006AF2AA /* Assets.xcassets in Resources */ = {isa = PBXBuildFile; fileRef = 5102E03028AFFDC7006AF2AA /* Assets.xcassets */; };
		5102E03428AFFDC7006AF2AA /* LaunchScreen.storyboard in Resources */ = {isa = PBXBuildFile; fileRef = 5102E03228AFFDC7006AF2AA /* LaunchScreen.storyboard */; };
		51052E61299AD42200FE65AD /* AccountViewController.swift in Sources */ = {isa = PBXBuildFile; fileRef = 51052E60299AD42200FE65AD /* AccountViewController.swift */; };
		51052E63299C1ECB00FE65AD /* ChangeEmailViewController.swift in Sources */ = {isa = PBXBuildFile; fileRef = 51052E62299C1ECB00FE65AD /* ChangeEmailViewController.swift */; };
		510ACD0E28F609DC0011EACD /* AlertTimeViewController.swift in Sources */ = {isa = PBXBuildFile; fileRef = 510ACD0D28F609DC0011EACD /* AlertTimeViewController.swift */; };
		510ECD0828F8825F0060FBDF /* PlantApp.xcdatamodeld in Sources */ = {isa = PBXBuildFile; fileRef = 510ECD0628F8825F0060FBDF /* PlantApp.xcdatamodeld */; };
		510F5BDC299E844B00D8A593 /* AccountFilloutViewController.swift in Sources */ = {isa = PBXBuildFile; fileRef = 510F5BDB299E844B00D8A593 /* AccountFilloutViewController.swift */; };
		51180ABA28CA80080072BC8E /* WaterHabitDaysViewController.swift in Sources */ = {isa = PBXBuildFile; fileRef = 51180AB928CA80080072BC8E /* WaterHabitDaysViewController.swift */; };
		512515B0292C2873003FB226 /* PlantDataModel.swift in Sources */ = {isa = PBXBuildFile; fileRef = 512515AF292C2873003FB226 /* PlantDataModel.swift */; };
		513CBC4F28C7A6D200CBC760 /* WeatherData.swift in Sources */ = {isa = PBXBuildFile; fileRef = 513CBC4B28C7A6D100CBC760 /* WeatherData.swift */; };
		513CBC5228C7A6D200CBC760 /* WeatherModel.swift in Sources */ = {isa = PBXBuildFile; fileRef = 513CBC4E28C7A6D200CBC760 /* WeatherModel.swift */; };
		513CBC5428C7A7AC00CBC760 /* WeatherLocationManager.swift in Sources */ = {isa = PBXBuildFile; fileRef = 513CBC5328C7A7AC00CBC760 /* WeatherLocationManager.swift */; };
		5164153428F4B6B20053C05D /* SettingsViewController.swift in Sources */ = {isa = PBXBuildFile; fileRef = 5164153328F4B6B20053C05D /* SettingsViewController.swift */; };
		51706C0A28C1193D00E0F4B8 /* AddPlantViewController.swift in Sources */ = {isa = PBXBuildFile; fileRef = 51706C0828C1193D00E0F4B8 /* AddPlantViewController.swift */; };
		5178E5AC28DE0204004C4363 /* EditPlantViewController.swift in Sources */ = {isa = PBXBuildFile; fileRef = 5178E5AB28DE0204004C4363 /* EditPlantViewController.swift */; };
		5183A1F029140F00003E9666 /* SignUpViewController.swift in Sources */ = {isa = PBXBuildFile; fileRef = 5183A1EF29140F00003E9666 /* SignUpViewController.swift */; };
		51885F672995853D0080CC14 /* ForgotPasswordViewController.swift in Sources */ = {isa = PBXBuildFile; fileRef = 51885F662995853D0080CC14 /* ForgotPasswordViewController.swift */; };
		5188CA77291AB63200443D93 /* GoogleService-Info.plist in Resources */ = {isa = PBXBuildFile; fileRef = 5188CA76291AB63200443D93 /* GoogleService-Info.plist */; };
		518C56EC29A51E4C005A42D5 /* DeleteAccountViewController.swift in Sources */ = {isa = PBXBuildFile; fileRef = 518C56EB29A51E4C005A42D5 /* DeleteAccountViewController.swift */; };
		51A3BF202911936D0024E812 /* LoginViewController.swift in Sources */ = {isa = PBXBuildFile; fileRef = 51A3BF1F2911936D0024E812 /* LoginViewController.swift */; };
		51C1F28029621A9D00203E54 /* LogoViewController.swift in Sources */ = {isa = PBXBuildFile; fileRef = 51C1F27F29621A9D00203E54 /* LogoViewController.swift */; };
		51C78B9828B18C8D00CD728F /* PlantTableViewCell.swift in Sources */ = {isa = PBXBuildFile; fileRef = 51C78B9628B18C8D00CD728F /* PlantTableViewCell.swift */; };
		51C78B9928B18C8D00CD728F /* PlantTableViewCell.xib in Resources */ = {isa = PBXBuildFile; fileRef = 51C78B9728B18C8D00CD728F /* PlantTableViewCell.xib */; };
		51E6D9D728CBB11A0053E4EE /* Constants.swift in Sources */ = {isa = PBXBuildFile; fileRef = 51E6D9D628CBB11A0053E4EE /* Constants.swift */; };
		51EA0F2F28B298CD0023A9D9 /* PlantViewController.swift in Sources */ = {isa = PBXBuildFile; fileRef = 51EA0F2E28B298CD0023A9D9 /* PlantViewController.swift */; };
		95A24EAD7D38C32067B3547B /* Pods_PlantApp_UIKit.framework in Frameworks */ = {isa = PBXBuildFile; fileRef = 762B89C1524CB7CB4228F17E /* Pods_PlantApp_UIKit.framework */; };
/* End PBXBuildFile section */

/* Begin PBXCopyFilesBuildPhase section */
		5118E6F52979B05400CA2736 /* Embed Foundation Extensions */ = {
			isa = PBXCopyFilesBuildPhase;
			buildActionMask = 2147483647;
			dstPath = "";
			dstSubfolderSpec = 13;
			files = (
			);
			name = "Embed Foundation Extensions";
			runOnlyForDeploymentPostprocessing = 0;
		};
/* End PBXCopyFilesBuildPhase section */

/* Begin PBXFileReference section */
		3161195C411E20AD01A2E9FE /* Pods-PlantApp_UIKit.release.xcconfig */ = {isa = PBXFileReference; includeInIndex = 1; lastKnownFileType = text.xcconfig; name = "Pods-PlantApp_UIKit.release.xcconfig"; path = "Target Support Files/Pods-PlantApp_UIKit/Pods-PlantApp_UIKit.release.xcconfig"; sourceTree = "<group>"; };
		431522D414A8E9B4D4279475 /* Pods-PlantApp_UIKit.debug.xcconfig */ = {isa = PBXFileReference; includeInIndex = 1; lastKnownFileType = text.xcconfig; name = "Pods-PlantApp_UIKit.debug.xcconfig"; path = "Target Support Files/Pods-PlantApp_UIKit/Pods-PlantApp_UIKit.debug.xcconfig"; sourceTree = "<group>"; };
		5102E02128AFFDC6006AF2AA /* PlantApp_UIKit.app */ = {isa = PBXFileReference; explicitFileType = wrapper.application; includeInIndex = 0; path = PlantApp_UIKit.app; sourceTree = BUILT_PRODUCTS_DIR; };
		5102E02428AFFDC6006AF2AA /* AppDelegate.swift */ = {isa = PBXFileReference; lastKnownFileType = sourcecode.swift; path = AppDelegate.swift; sourceTree = "<group>"; };
		5102E02628AFFDC6006AF2AA /* SceneDelegate.swift */ = {isa = PBXFileReference; lastKnownFileType = sourcecode.swift; path = SceneDelegate.swift; sourceTree = "<group>"; };
		5102E02828AFFDC6006AF2AA /* MainViewController.swift */ = {isa = PBXFileReference; lastKnownFileType = sourcecode.swift; path = MainViewController.swift; sourceTree = "<group>"; };
		5102E02B28AFFDC6006AF2AA /* Base */ = {isa = PBXFileReference; lastKnownFileType = file.storyboard; name = Base; path = Base.lproj/Main.storyboard; sourceTree = "<group>"; };
		5102E03028AFFDC7006AF2AA /* Assets.xcassets */ = {isa = PBXFileReference; lastKnownFileType = folder.assetcatalog; path = Assets.xcassets; sourceTree = "<group>"; };
		5102E03328AFFDC7006AF2AA /* Base */ = {isa = PBXFileReference; lastKnownFileType = file.storyboard; name = Base; path = Base.lproj/LaunchScreen.storyboard; sourceTree = "<group>"; };
		5102E03528AFFDC7006AF2AA /* Info.plist */ = {isa = PBXFileReference; lastKnownFileType = text.plist.xml; path = Info.plist; sourceTree = "<group>"; };
		51052E60299AD42200FE65AD /* AccountViewController.swift */ = {isa = PBXFileReference; lastKnownFileType = sourcecode.swift; path = AccountViewController.swift; sourceTree = "<group>"; };
		51052E62299C1ECB00FE65AD /* ChangeEmailViewController.swift */ = {isa = PBXFileReference; lastKnownFileType = sourcecode.swift; path = ChangeEmailViewController.swift; sourceTree = "<group>"; };
		510ACD0D28F609DC0011EACD /* AlertTimeViewController.swift */ = {isa = PBXFileReference; lastKnownFileType = sourcecode.swift; path = AlertTimeViewController.swift; sourceTree = "<group>"; };
		510ECD0728F8825F0060FBDF /* PlantApp.xcdatamodel */ = {isa = PBXFileReference; lastKnownFileType = wrapper.xcdatamodel; path = PlantApp.xcdatamodel; sourceTree = "<group>"; };
		510F5BDB299E844B00D8A593 /* AccountFilloutViewController.swift */ = {isa = PBXFileReference; lastKnownFileType = sourcecode.swift; path = AccountFilloutViewController.swift; sourceTree = "<group>"; };
		51180AB928CA80080072BC8E /* WaterHabitDaysViewController.swift */ = {isa = PBXFileReference; lastKnownFileType = sourcecode.swift; path = WaterHabitDaysViewController.swift; sourceTree = "<group>"; };
		5118E6F92979B1DC00CA2736 /* PlantApp_UIKit.entitlements */ = {isa = PBXFileReference; lastKnownFileType = text.plist.entitlements; path = PlantApp_UIKit.entitlements; sourceTree = "<group>"; };
		512515AF292C2873003FB226 /* PlantDataModel.swift */ = {isa = PBXFileReference; lastKnownFileType = sourcecode.swift; path = PlantDataModel.swift; sourceTree = "<group>"; };
		513CBC4B28C7A6D100CBC760 /* WeatherData.swift */ = {isa = PBXFileReference; fileEncoding = 4; lastKnownFileType = sourcecode.swift; path = WeatherData.swift; sourceTree = "<group>"; };
		513CBC4E28C7A6D200CBC760 /* WeatherModel.swift */ = {isa = PBXFileReference; fileEncoding = 4; lastKnownFileType = sourcecode.swift; path = WeatherModel.swift; sourceTree = "<group>"; };
		513CBC5328C7A7AC00CBC760 /* WeatherLocationManager.swift */ = {isa = PBXFileReference; lastKnownFileType = sourcecode.swift; path = WeatherLocationManager.swift; sourceTree = "<group>"; };
		5164153328F4B6B20053C05D /* SettingsViewController.swift */ = {isa = PBXFileReference; lastKnownFileType = sourcecode.swift; path = SettingsViewController.swift; sourceTree = "<group>"; };
		51706C0828C1193D00E0F4B8 /* AddPlantViewController.swift */ = {isa = PBXFileReference; lastKnownFileType = sourcecode.swift; path = AddPlantViewController.swift; sourceTree = "<group>"; };
		5178E5AB28DE0204004C4363 /* EditPlantViewController.swift */ = {isa = PBXFileReference; lastKnownFileType = sourcecode.swift; path = EditPlantViewController.swift; sourceTree = "<group>"; };
		5183A1EF29140F00003E9666 /* SignUpViewController.swift */ = {isa = PBXFileReference; lastKnownFileType = sourcecode.swift; path = SignUpViewController.swift; sourceTree = "<group>"; };
		51885F662995853D0080CC14 /* ForgotPasswordViewController.swift */ = {isa = PBXFileReference; lastKnownFileType = sourcecode.swift; path = ForgotPasswordViewController.swift; sourceTree = "<group>"; };
		5188CA76291AB63200443D93 /* GoogleService-Info.plist */ = {isa = PBXFileReference; fileEncoding = 4; lastKnownFileType = text.plist.xml; path = "GoogleService-Info.plist"; sourceTree = "<group>"; };
		518C56EB29A51E4C005A42D5 /* DeleteAccountViewController.swift */ = {isa = PBXFileReference; lastKnownFileType = sourcecode.swift; path = DeleteAccountViewController.swift; sourceTree = "<group>"; };
		51A3BF1F2911936D0024E812 /* LoginViewController.swift */ = {isa = PBXFileReference; lastKnownFileType = sourcecode.swift; path = LoginViewController.swift; sourceTree = "<group>"; };
		51C1F27F29621A9D00203E54 /* LogoViewController.swift */ = {isa = PBXFileReference; lastKnownFileType = sourcecode.swift; path = LogoViewController.swift; sourceTree = "<group>"; };
		51C78B9628B18C8D00CD728F /* PlantTableViewCell.swift */ = {isa = PBXFileReference; lastKnownFileType = sourcecode.swift; path = PlantTableViewCell.swift; sourceTree = "<group>"; };
		51C78B9728B18C8D00CD728F /* PlantTableViewCell.xib */ = {isa = PBXFileReference; lastKnownFileType = file.xib; path = PlantTableViewCell.xib; sourceTree = "<group>"; };
		51E6D9D628CBB11A0053E4EE /* Constants.swift */ = {isa = PBXFileReference; lastKnownFileType = sourcecode.swift; path = Constants.swift; sourceTree = "<group>"; };
		51EA0F2E28B298CD0023A9D9 /* PlantViewController.swift */ = {isa = PBXFileReference; lastKnownFileType = sourcecode.swift; path = PlantViewController.swift; sourceTree = "<group>"; };
		762B89C1524CB7CB4228F17E /* Pods_PlantApp_UIKit.framework */ = {isa = PBXFileReference; explicitFileType = wrapper.framework; includeInIndex = 0; path = Pods_PlantApp_UIKit.framework; sourceTree = BUILT_PRODUCTS_DIR; };
/* End PBXFileReference section */

/* Begin PBXFrameworksBuildPhase section */
		5102E01E28AFFDC6006AF2AA /* Frameworks */ = {
			isa = PBXFrameworksBuildPhase;
			buildActionMask = 2147483647;
			files = (
				95A24EAD7D38C32067B3547B /* Pods_PlantApp_UIKit.framework in Frameworks */,
			);
			runOnlyForDeploymentPostprocessing = 0;
		};
/* End PBXFrameworksBuildPhase section */

/* Begin PBXGroup section */
		0C524263EEB24A1EC24B1BF8 /* Pods */ = {
			isa = PBXGroup;
			children = (
				431522D414A8E9B4D4279475 /* Pods-PlantApp_UIKit.debug.xcconfig */,
				3161195C411E20AD01A2E9FE /* Pods-PlantApp_UIKit.release.xcconfig */,
			);
			path = Pods;
			sourceTree = "<group>";
		};
		5102E01828AFFDC6006AF2AA = {
			isa = PBXGroup;
			children = (
				5102E02328AFFDC6006AF2AA /* PlantApp_UIKit */,
				5102E02228AFFDC6006AF2AA /* Products */,
				0C524263EEB24A1EC24B1BF8 /* Pods */,
				D223E4371495AFB5A40E862B /* Frameworks */,
			);
			sourceTree = "<group>";
		};
		5102E02228AFFDC6006AF2AA /* Products */ = {
			isa = PBXGroup;
			children = (
				5102E02128AFFDC6006AF2AA /* PlantApp_UIKit.app */,
			);
			name = Products;
			sourceTree = "<group>";
		};
		5102E02328AFFDC6006AF2AA /* PlantApp_UIKit */ = {
			isa = PBXGroup;
			children = (
				5118E6F92979B1DC00CA2736 /* PlantApp_UIKit.entitlements */,
				5102E03028AFFDC7006AF2AA /* Assets.xcassets */,
				5102E03228AFFDC7006AF2AA /* LaunchScreen.storyboard */,
				5102E03528AFFDC7006AF2AA /* Info.plist */,
				5188CA76291AB63200443D93 /* GoogleService-Info.plist */,
				5102E02428AFFDC6006AF2AA /* AppDelegate.swift */,
				5102E02628AFFDC6006AF2AA /* SceneDelegate.swift */,
				51C78B9228B18B0F00CD728F /* Model */,
				51C78B9328B18B1E00CD728F /* Controller */,
				51C78B9128B18AF400CD728F /* View */,
				51E6D9D928CBB4770053E4EE /* Supporting Files */,
			);
			path = PlantApp_UIKit;
			sourceTree = "<group>";
		};
		51C78B9128B18AF400CD728F /* View */ = {
			isa = PBXGroup;
			children = (
				5102E02A28AFFDC6006AF2AA /* Main.storyboard */,
				51C78B9628B18C8D00CD728F /* PlantTableViewCell.swift */,
				51C78B9728B18C8D00CD728F /* PlantTableViewCell.xib */,
			);
			path = View;
			sourceTree = "<group>";
		};
		51C78B9228B18B0F00CD728F /* Model */ = {
			isa = PBXGroup;
			children = (
				513CBC5328C7A7AC00CBC760 /* WeatherLocationManager.swift */,
				513CBC4B28C7A6D100CBC760 /* WeatherData.swift */,
				513CBC4E28C7A6D200CBC760 /* WeatherModel.swift */,
				51E6D9D628CBB11A0053E4EE /* Constants.swift */,
				510ECD0628F8825F0060FBDF /* PlantApp.xcdatamodeld */,
				512515AF292C2873003FB226 /* PlantDataModel.swift */,
			);
			path = Model;
			sourceTree = "<group>";
		};
		51C78B9328B18B1E00CD728F /* Controller */ = {
			isa = PBXGroup;
			children = (
				51C1F27F29621A9D00203E54 /* LogoViewController.swift */,
				51A3BF1F2911936D0024E812 /* LoginViewController.swift */,
				5102E02828AFFDC6006AF2AA /* MainViewController.swift */,
				51EA0F2E28B298CD0023A9D9 /* PlantViewController.swift */,
				51706C0828C1193D00E0F4B8 /* AddPlantViewController.swift */,
				51180AB928CA80080072BC8E /* WaterHabitDaysViewController.swift */,
				5178E5AB28DE0204004C4363 /* EditPlantViewController.swift */,
				5164153328F4B6B20053C05D /* SettingsViewController.swift */,
				510ACD0D28F609DC0011EACD /* AlertTimeViewController.swift */,
				5183A1EF29140F00003E9666 /* SignUpViewController.swift */,
				51885F662995853D0080CC14 /* ForgotPasswordViewController.swift */,
				51052E60299AD42200FE65AD /* AccountViewController.swift */,
				51052E62299C1ECB00FE65AD /* ChangeEmailViewController.swift */,
				510F5BDB299E844B00D8A593 /* AccountFilloutViewController.swift */,
				518C56EB29A51E4C005A42D5 /* DeleteAccountViewController.swift */,
			);
			path = Controller;
			sourceTree = "<group>";
		};
		51E6D9D928CBB4770053E4EE /* Supporting Files */ = {
			isa = PBXGroup;
			children = (
			);
			path = "Supporting Files";
			sourceTree = "<group>";
		};
		D223E4371495AFB5A40E862B /* Frameworks */ = {
			isa = PBXGroup;
			children = (
				762B89C1524CB7CB4228F17E /* Pods_PlantApp_UIKit.framework */,
			);
			name = Frameworks;
			sourceTree = "<group>";
		};
/* End PBXGroup section */

/* Begin PBXNativeTarget section */
		5102E02028AFFDC6006AF2AA /* PlantApp_UIKit */ = {
			isa = PBXNativeTarget;
			buildConfigurationList = 5102E03828AFFDC7006AF2AA /* Build configuration list for PBXNativeTarget "PlantApp_UIKit" */;
			buildPhases = (
				907AEDCB6CB709032D4B8755 /* [CP] Check Pods Manifest.lock */,
				5102E01D28AFFDC6006AF2AA /* Sources */,
				5102E01E28AFFDC6006AF2AA /* Frameworks */,
				5102E01F28AFFDC6006AF2AA /* Resources */,
				A6F49215712B0357F81EEE21 /* [CP] Embed Pods Frameworks */,
				5118E6F52979B05400CA2736 /* Embed Foundation Extensions */,
			);
			buildRules = (
			);
			dependencies = (
			);
			name = PlantApp_UIKit;
			productName = PlantApp_UIKit;
			productReference = 5102E02128AFFDC6006AF2AA /* PlantApp_UIKit.app */;
			productType = "com.apple.product-type.application";
		};
/* End PBXNativeTarget section */

/* Begin PBXProject section */
		5102E01928AFFDC6006AF2AA /* Project object */ = {
			isa = PBXProject;
			attributes = {
				BuildIndependentTargetsInParallel = 1;
				LastSwiftUpdateCheck = 1420;
				LastUpgradeCheck = 1330;
				TargetAttributes = {
					5102E02028AFFDC6006AF2AA = {
						CreatedOnToolsVersion = 13.3;
					};
				};
			};
			buildConfigurationList = 5102E01C28AFFDC6006AF2AA /* Build configuration list for PBXProject "PlantApp_UIKit" */;
			compatibilityVersion = "Xcode 13.0";
			developmentRegion = en;
			hasScannedForEncodings = 0;
			knownRegions = (
				en,
				Base,
			);
			mainGroup = 5102E01828AFFDC6006AF2AA;
			productRefGroup = 5102E02228AFFDC6006AF2AA /* Products */;
			projectDirPath = "";
			projectRoot = "";
			targets = (
				5102E02028AFFDC6006AF2AA /* PlantApp_UIKit */,
			);
		};
/* End PBXProject section */

/* Begin PBXResourcesBuildPhase section */
		5102E01F28AFFDC6006AF2AA /* Resources */ = {
			isa = PBXResourcesBuildPhase;
			buildActionMask = 2147483647;
			files = (
				5102E03428AFFDC7006AF2AA /* LaunchScreen.storyboard in Resources */,
				51C78B9928B18C8D00CD728F /* PlantTableViewCell.xib in Resources */,
				5188CA77291AB63200443D93 /* GoogleService-Info.plist in Resources */,
				5102E03128AFFDC7006AF2AA /* Assets.xcassets in Resources */,
				5102E02C28AFFDC6006AF2AA /* Main.storyboard in Resources */,
			);
			runOnlyForDeploymentPostprocessing = 0;
		};
/* End PBXResourcesBuildPhase section */

/* Begin PBXShellScriptBuildPhase section */
		907AEDCB6CB709032D4B8755 /* [CP] Check Pods Manifest.lock */ = {
			isa = PBXShellScriptBuildPhase;
			buildActionMask = 2147483647;
			files = (
			);
			inputFileListPaths = (
			);
			inputPaths = (
				"${PODS_PODFILE_DIR_PATH}/Podfile.lock",
				"${PODS_ROOT}/Manifest.lock",
			);
			name = "[CP] Check Pods Manifest.lock";
			outputFileListPaths = (
			);
			outputPaths = (
				"$(DERIVED_FILE_DIR)/Pods-PlantApp_UIKit-checkManifestLockResult.txt",
			);
			runOnlyForDeploymentPostprocessing = 0;
			shellPath = /bin/sh;
			shellScript = "diff \"${PODS_PODFILE_DIR_PATH}/Podfile.lock\" \"${PODS_ROOT}/Manifest.lock\" > /dev/null\nif [ $? != 0 ] ; then\n    # print error to STDERR\n    echo \"error: The sandbox is not in sync with the Podfile.lock. Run 'pod install' or update your CocoaPods installation.\" >&2\n    exit 1\nfi\n# This output is used by Xcode 'outputs' to avoid re-running this script phase.\necho \"SUCCESS\" > \"${SCRIPT_OUTPUT_FILE_0}\"\n";
			showEnvVarsInLog = 0;
		};
		A6F49215712B0357F81EEE21 /* [CP] Embed Pods Frameworks */ = {
			isa = PBXShellScriptBuildPhase;
			buildActionMask = 2147483647;
			files = (
			);
			inputFileListPaths = (
				"${PODS_ROOT}/Target Support Files/Pods-PlantApp_UIKit/Pods-PlantApp_UIKit-frameworks-${CONFIGURATION}-input-files.xcfilelist",
			);
			name = "[CP] Embed Pods Frameworks";
			outputFileListPaths = (
				"${PODS_ROOT}/Target Support Files/Pods-PlantApp_UIKit/Pods-PlantApp_UIKit-frameworks-${CONFIGURATION}-output-files.xcfilelist",
			);
			runOnlyForDeploymentPostprocessing = 0;
			shellPath = /bin/sh;
			shellScript = "\"${PODS_ROOT}/Target Support Files/Pods-PlantApp_UIKit/Pods-PlantApp_UIKit-frameworks.sh\"\n";
			showEnvVarsInLog = 0;
		};
/* End PBXShellScriptBuildPhase section */

/* Begin PBXSourcesBuildPhase section */
		5102E01D28AFFDC6006AF2AA /* Sources */ = {
			isa = PBXSourcesBuildPhase;
			buildActionMask = 2147483647;
			files = (
				510ACD0E28F609DC0011EACD /* AlertTimeViewController.swift in Sources */,
				51C78B9828B18C8D00CD728F /* PlantTableViewCell.swift in Sources */,
				51052E61299AD42200FE65AD /* AccountViewController.swift in Sources */,
				51706C0A28C1193D00E0F4B8 /* AddPlantViewController.swift in Sources */,
				510ECD0828F8825F0060FBDF /* PlantApp.xcdatamodeld in Sources */,
				513CBC5428C7A7AC00CBC760 /* WeatherLocationManager.swift in Sources */,
				51C1F28029621A9D00203E54 /* LogoViewController.swift in Sources */,
				5183A1F029140F00003E9666 /* SignUpViewController.swift in Sources */,
				51EA0F2F28B298CD0023A9D9 /* PlantViewController.swift in Sources */,
				5178E5AC28DE0204004C4363 /* EditPlantViewController.swift in Sources */,
				513CBC5228C7A6D200CBC760 /* WeatherModel.swift in Sources */,
				5102E02928AFFDC6006AF2AA /* MainViewController.swift in Sources */,
				513CBC4F28C7A6D200CBC760 /* WeatherData.swift in Sources */,
				5164153428F4B6B20053C05D /* SettingsViewController.swift in Sources */,
				5102E02528AFFDC6006AF2AA /* AppDelegate.swift in Sources */,
				510F5BDC299E844B00D8A593 /* AccountFilloutViewController.swift in Sources */,
				51052E63299C1ECB00FE65AD /* ChangeEmailViewController.swift in Sources */,
				518C56EC29A51E4C005A42D5 /* DeleteAccountViewController.swift in Sources */,
				51A3BF202911936D0024E812 /* LoginViewController.swift in Sources */,
				51E6D9D728CBB11A0053E4EE /* Constants.swift in Sources */,
				51885F672995853D0080CC14 /* ForgotPasswordViewController.swift in Sources */,
				5102E02728AFFDC6006AF2AA /* SceneDelegate.swift in Sources */,
				51180ABA28CA80080072BC8E /* WaterHabitDaysViewController.swift in Sources */,
				512515B0292C2873003FB226 /* PlantDataModel.swift in Sources */,
			);
			runOnlyForDeploymentPostprocessing = 0;
		};
/* End PBXSourcesBuildPhase section */

/* Begin PBXVariantGroup section */
		5102E02A28AFFDC6006AF2AA /* Main.storyboard */ = {
			isa = PBXVariantGroup;
			children = (
				5102E02B28AFFDC6006AF2AA /* Base */,
			);
			name = Main.storyboard;
			sourceTree = "<group>";
		};
		5102E03228AFFDC7006AF2AA /* LaunchScreen.storyboard */ = {
			isa = PBXVariantGroup;
			children = (
				5102E03328AFFDC7006AF2AA /* Base */,
			);
			name = LaunchScreen.storyboard;
			sourceTree = "<group>";
		};
/* End PBXVariantGroup section */

/* Begin XCBuildConfiguration section */
		5102E03628AFFDC7006AF2AA /* Debug */ = {
			isa = XCBuildConfiguration;
			buildSettings = {
				ALWAYS_SEARCH_USER_PATHS = NO;
				CLANG_ANALYZER_NONNULL = YES;
				CLANG_ANALYZER_NUMBER_OBJECT_CONVERSION = YES_AGGRESSIVE;
				CLANG_CXX_LANGUAGE_STANDARD = "gnu++17";
				CLANG_ENABLE_MODULES = YES;
				CLANG_ENABLE_OBJC_ARC = YES;
				CLANG_ENABLE_OBJC_WEAK = YES;
				CLANG_WARN_BLOCK_CAPTURE_AUTORELEASING = YES;
				CLANG_WARN_BOOL_CONVERSION = YES;
				CLANG_WARN_COMMA = YES;
				CLANG_WARN_CONSTANT_CONVERSION = YES;
				CLANG_WARN_DEPRECATED_OBJC_IMPLEMENTATIONS = YES;
				CLANG_WARN_DIRECT_OBJC_ISA_USAGE = YES_ERROR;
				CLANG_WARN_DOCUMENTATION_COMMENTS = YES;
				CLANG_WARN_EMPTY_BODY = YES;
				CLANG_WARN_ENUM_CONVERSION = YES;
				CLANG_WARN_INFINITE_RECURSION = YES;
				CLANG_WARN_INT_CONVERSION = YES;
				CLANG_WARN_NON_LITERAL_NULL_CONVERSION = YES;
				CLANG_WARN_OBJC_IMPLICIT_RETAIN_SELF = YES;
				CLANG_WARN_OBJC_LITERAL_CONVERSION = YES;
				CLANG_WARN_OBJC_ROOT_CLASS = YES_ERROR;
				CLANG_WARN_QUOTED_INCLUDE_IN_FRAMEWORK_HEADER = YES;
				CLANG_WARN_RANGE_LOOP_ANALYSIS = YES;
				CLANG_WARN_STRICT_PROTOTYPES = YES;
				CLANG_WARN_SUSPICIOUS_MOVE = YES;
				CLANG_WARN_UNGUARDED_AVAILABILITY = YES_AGGRESSIVE;
				CLANG_WARN_UNREACHABLE_CODE = YES;
				CLANG_WARN__DUPLICATE_METHOD_MATCH = YES;
				COPY_PHASE_STRIP = NO;
				DEBUG_INFORMATION_FORMAT = dwarf;
				ENABLE_STRICT_OBJC_MSGSEND = YES;
				ENABLE_TESTABILITY = YES;
				GCC_C_LANGUAGE_STANDARD = gnu11;
				GCC_DYNAMIC_NO_PIC = NO;
				GCC_NO_COMMON_BLOCKS = YES;
				GCC_OPTIMIZATION_LEVEL = 0;
				GCC_PREPROCESSOR_DEFINITIONS = (
					"DEBUG=1",
					"$(inherited)",
				);
				GCC_WARN_64_TO_32_BIT_CONVERSION = YES;
				GCC_WARN_ABOUT_RETURN_TYPE = YES_ERROR;
				GCC_WARN_UNDECLARED_SELECTOR = YES;
				GCC_WARN_UNINITIALIZED_AUTOS = YES_AGGRESSIVE;
				GCC_WARN_UNUSED_FUNCTION = YES;
				GCC_WARN_UNUSED_VARIABLE = YES;
				IPHONEOS_DEPLOYMENT_TARGET = 15.0;
				MTL_ENABLE_DEBUG_INFO = INCLUDE_SOURCE;
				MTL_FAST_MATH = YES;
				ONLY_ACTIVE_ARCH = YES;
				SDKROOT = iphoneos;
				SWIFT_ACTIVE_COMPILATION_CONDITIONS = DEBUG;
				SWIFT_OPTIMIZATION_LEVEL = "-Onone";
			};
			name = Debug;
		};
		5102E03728AFFDC7006AF2AA /* Release */ = {
			isa = XCBuildConfiguration;
			buildSettings = {
				ALWAYS_SEARCH_USER_PATHS = NO;
				CLANG_ANALYZER_NONNULL = YES;
				CLANG_ANALYZER_NUMBER_OBJECT_CONVERSION = YES_AGGRESSIVE;
				CLANG_CXX_LANGUAGE_STANDARD = "gnu++17";
				CLANG_ENABLE_MODULES = YES;
				CLANG_ENABLE_OBJC_ARC = YES;
				CLANG_ENABLE_OBJC_WEAK = YES;
				CLANG_WARN_BLOCK_CAPTURE_AUTORELEASING = YES;
				CLANG_WARN_BOOL_CONVERSION = YES;
				CLANG_WARN_COMMA = YES;
				CLANG_WARN_CONSTANT_CONVERSION = YES;
				CLANG_WARN_DEPRECATED_OBJC_IMPLEMENTATIONS = YES;
				CLANG_WARN_DIRECT_OBJC_ISA_USAGE = YES_ERROR;
				CLANG_WARN_DOCUMENTATION_COMMENTS = YES;
				CLANG_WARN_EMPTY_BODY = YES;
				CLANG_WARN_ENUM_CONVERSION = YES;
				CLANG_WARN_INFINITE_RECURSION = YES;
				CLANG_WARN_INT_CONVERSION = YES;
				CLANG_WARN_NON_LITERAL_NULL_CONVERSION = YES;
				CLANG_WARN_OBJC_IMPLICIT_RETAIN_SELF = YES;
				CLANG_WARN_OBJC_LITERAL_CONVERSION = YES;
				CLANG_WARN_OBJC_ROOT_CLASS = YES_ERROR;
				CLANG_WARN_QUOTED_INCLUDE_IN_FRAMEWORK_HEADER = YES;
				CLANG_WARN_RANGE_LOOP_ANALYSIS = YES;
				CLANG_WARN_STRICT_PROTOTYPES = YES;
				CLANG_WARN_SUSPICIOUS_MOVE = YES;
				CLANG_WARN_UNGUARDED_AVAILABILITY = YES_AGGRESSIVE;
				CLANG_WARN_UNREACHABLE_CODE = YES;
				CLANG_WARN__DUPLICATE_METHOD_MATCH = YES;
				COPY_PHASE_STRIP = NO;
				DEBUG_INFORMATION_FORMAT = "dwarf-with-dsym";
				ENABLE_NS_ASSERTIONS = NO;
				ENABLE_STRICT_OBJC_MSGSEND = YES;
				GCC_C_LANGUAGE_STANDARD = gnu11;
				GCC_NO_COMMON_BLOCKS = YES;
				GCC_WARN_64_TO_32_BIT_CONVERSION = YES;
				GCC_WARN_ABOUT_RETURN_TYPE = YES_ERROR;
				GCC_WARN_UNDECLARED_SELECTOR = YES;
				GCC_WARN_UNINITIALIZED_AUTOS = YES_AGGRESSIVE;
				GCC_WARN_UNUSED_FUNCTION = YES;
				GCC_WARN_UNUSED_VARIABLE = YES;
				IPHONEOS_DEPLOYMENT_TARGET = 15.0;
				MTL_ENABLE_DEBUG_INFO = NO;
				MTL_FAST_MATH = YES;
				SDKROOT = iphoneos;
				SWIFT_COMPILATION_MODE = wholemodule;
				SWIFT_OPTIMIZATION_LEVEL = "-O";
				VALIDATE_PRODUCT = YES;
			};
			name = Release;
		};
		5102E03928AFFDC7006AF2AA /* Debug */ = {
			isa = XCBuildConfiguration;
			baseConfigurationReference = 431522D414A8E9B4D4279475 /* Pods-PlantApp_UIKit.debug.xcconfig */;
			buildSettings = {
				ALWAYS_EMBED_SWIFT_STANDARD_LIBRARIES = YES;
				ASSETCATALOG_COMPILER_APPICON_NAME = AppIcon;
				ASSETCATALOG_COMPILER_GLOBAL_ACCENT_COLOR_NAME = AccentColor;
				CODE_SIGN_ENTITLEMENTS = PlantApp_UIKit/PlantApp_UIKit.entitlements;
				CODE_SIGN_STYLE = Automatic;
				CURRENT_PROJECT_VERSION = 1;
				DEVELOPMENT_TEAM = XUZG54S76B;
				ENABLE_BITCODE = NO;
				GENERATE_INFOPLIST_FILE = YES;
				INFOPLIST_FILE = PlantApp_UIKit/Info.plist;
				INFOPLIST_KEY_NSCameraUsageDescription = "Please allow the app to access your camera for this feature.";
				INFOPLIST_KEY_NSLocationWhenInUseUsageDescription = "We need your location to get there current weather.";
				INFOPLIST_KEY_NSPhotoLibraryUsageDescription = "Please allow the app to access your photo library for this feature.";
				INFOPLIST_KEY_UIApplicationSupportsIndirectInputEvents = YES;
				INFOPLIST_KEY_UILaunchStoryboardName = LaunchScreen;
				INFOPLIST_KEY_UIMainStoryboardFile = Main;
				INFOPLIST_KEY_UISupportedInterfaceOrientations = UIInterfaceOrientationPortrait;
				INFOPLIST_KEY_UISupportedInterfaceOrientations_iPhone = UIInterfaceOrientationPortrait;
				IPHONEOS_DEPLOYMENT_TARGET = 15.0;
				LD_RUNPATH_SEARCH_PATHS = (
					"$(inherited)",
					"@executable_path/Frameworks",
				);
				MARKETING_VERSION = 1.0;
				PRODUCT_BUNDLE_IDENTIFIER = "com.wyyeoh.PlantApp-UIKit";
				PRODUCT_NAME = "$(TARGET_NAME)";
				SWIFT_EMIT_LOC_STRINGS = YES;
				SWIFT_VERSION = 5.0;
				TARGETED_DEVICE_FAMILY = 1;
			};
			name = Debug;
		};
		5102E03A28AFFDC7006AF2AA /* Release */ = {
			isa = XCBuildConfiguration;
			baseConfigurationReference = 3161195C411E20AD01A2E9FE /* Pods-PlantApp_UIKit.release.xcconfig */;
			buildSettings = {
				ALWAYS_EMBED_SWIFT_STANDARD_LIBRARIES = YES;
				ASSETCATALOG_COMPILER_APPICON_NAME = AppIcon;
				ASSETCATALOG_COMPILER_GLOBAL_ACCENT_COLOR_NAME = AccentColor;
				CODE_SIGN_ENTITLEMENTS = PlantApp_UIKit/PlantApp_UIKit.entitlements;
				CODE_SIGN_STYLE = Automatic;
				CURRENT_PROJECT_VERSION = 1;
				DEVELOPMENT_TEAM = XUZG54S76B;
				ENABLE_BITCODE = NO;
				GENERATE_INFOPLIST_FILE = YES;
				INFOPLIST_FILE = PlantApp_UIKit/Info.plist;
				INFOPLIST_KEY_NSCameraUsageDescription = "Please allow the app to access your camera for this feature.";
				INFOPLIST_KEY_NSLocationWhenInUseUsageDescription = "We need your location to get there current weather.";
				INFOPLIST_KEY_NSPhotoLibraryUsageDescription = "Please allow the app to access your photo library for this feature.";
				INFOPLIST_KEY_UIApplicationSupportsIndirectInputEvents = YES;
				INFOPLIST_KEY_UILaunchStoryboardName = LaunchScreen;
				INFOPLIST_KEY_UIMainStoryboardFile = Main;
				INFOPLIST_KEY_UISupportedInterfaceOrientations = UIInterfaceOrientationPortrait;
				INFOPLIST_KEY_UISupportedInterfaceOrientations_iPhone = UIInterfaceOrientationPortrait;
				IPHONEOS_DEPLOYMENT_TARGET = 15.0;
				LD_RUNPATH_SEARCH_PATHS = (
					"$(inherited)",
					"@executable_path/Frameworks",
				);
				MARKETING_VERSION = 1.0;
				"OTHER_LDFLAGS[arch=*]" = (
					"$(inherited)",
					"-ObjC",
					"-l\"c++\"",
					"-l\"icucore\"",
					"-l\"sqlite3\"",
					"-l\"z\"",
					"-framework",
					"\"AppAuth\"",
					"-framework",
					"\"CFNetwork\"",
					"-framework",
					"\"CoreGraphics\"",
					"-framework",
					"\"CoreText\"",
					"-framework",
					"\"FBAEMKit\"",
					"-framework",
					"\"FBLPromises\"",
					"-framework",
					"\"FBSDKCoreKit\"",
					"-framework",
					"\"FBSDKCoreKit_Basics\"",
					"-framework",
					"\"FBSDKLoginKit\"",
					"-framework",
					"\"FirebaseAnalytics\"",
					"-framework",
					"\"FirebaseAnonymousAuthUI\"",
					"-framework",
					"\"FirebaseAppCheckInterop\"",
					"-framework",
					"\"FirebaseAuth\"",
					"-framework",
					"\"FirebaseAuthInterop\"",
					"-framework",
					"\"FirebaseAuthUI\"",
					"-framework",
					"\"FirebaseCore\"",
					"-framework",
					"\"FirebaseCoreExtension\"",
					"-framework",
					"\"FirebaseCoreInternal\"",
					"-framework",
					"\"FirebaseDatabase\"",
					"-framework",
					"\"FirebaseDatabaseUI\"",
					"-framework",
					"\"FirebaseEmailAuthUI\"",
					"-framework",
					"\"FirebaseFacebookAuthUI\"",
					"-framework",
					"\"FirebaseFirestore\"",
					"-framework",
					"\"FirebaseFirestoreUI\"",
					"-framework",
					"\"FirebaseGoogleAuthUI\"",
					"-framework",
					"\"FirebaseInstallations\"",
					"-framework",
					"\"FirebaseOAuthUI\"",
					"-framework",
					"\"FirebasePhoneAuthUI\"",
					"-framework",
					"\"FirebaseStorage\"",
					"-framework",
					"\"FirebaseStorageUI\"",
					"-framework",
					"\"Foundation\"",
					"-framework",
					"\"GTMAppAuth\"",
					"-framework",
					"\"GTMSessionFetcher\"",
					"-framework",
					"\"GoogleAppMeasurement\"",
					"-framework",
					"\"GoogleAppMeasurementIdentitySupport\"",
					"-framework",
					"\"GoogleSignIn\"",
					"-framework",
					"\"GoogleUtilities\"",
					"-framework",
					"\"ImageIO\"",
					"-framework",
					"\"LocalAuthentication\"",
					"-framework",
					"\"SDWebImage\"",
					"-framework",
					"\"SafariServices\"",
					"-framework",
					"\"Security\"",
					"-framework",
					"\"StoreKit\"",
					"-framework",
					"\"SystemConfiguration\"",
					"-framework",
					"\"UIKit\"",
					"-framework",
					"\"absl\"",
					"-framework",
					"\"grpc\"",
					"-framework",
					"\"grpcpp\"",
					"-framework",
					"\"leveldb\"",
					"-framework",
					"\"nanopb\"",
					"-framework",
					"\"openssl_grpc\"",
					"-framework",
					"\"uv\"",
					"-weak_framework",
					"\"AuthenticationServices\"",
				);
				PRODUCT_BUNDLE_IDENTIFIER = "com.wyyeoh.PlantApp-UIKit";
				PRODUCT_NAME = "$(TARGET_NAME)";
				SWIFT_EMIT_LOC_STRINGS = YES;
				SWIFT_VERSION = 5.0;
				TARGETED_DEVICE_FAMILY = 1;
			};
			name = Release;
		};
/* End XCBuildConfiguration section */

/* Begin XCConfigurationList section */
		5102E01C28AFFDC6006AF2AA /* Build configuration list for PBXProject "PlantApp_UIKit" */ = {
			isa = XCConfigurationList;
			buildConfigurations = (
				5102E03628AFFDC7006AF2AA /* Debug */,
				5102E03728AFFDC7006AF2AA /* Release */,
			);
			defaultConfigurationIsVisible = 0;
			defaultConfigurationName = Release;
		};
		5102E03828AFFDC7006AF2AA /* Build configuration list for PBXNativeTarget "PlantApp_UIKit" */ = {
			isa = XCConfigurationList;
			buildConfigurations = (
				5102E03928AFFDC7006AF2AA /* Debug */,
				5102E03A28AFFDC7006AF2AA /* Release */,
			);
			defaultConfigurationIsVisible = 0;
			defaultConfigurationName = Release;
		};
/* End XCConfigurationList section */

/* Begin XCVersionGroup section */
		510ECD0628F8825F0060FBDF /* PlantApp.xcdatamodeld */ = {
			isa = XCVersionGroup;
			children = (
				510ECD0728F8825F0060FBDF /* PlantApp.xcdatamodel */,
			);
			currentVersion = 510ECD0728F8825F0060FBDF /* PlantApp.xcdatamodel */;
			path = PlantApp.xcdatamodeld;
			sourceTree = "<group>";
			versionGroupType = wrapper.xcdatamodel;
		};
/* End XCVersionGroup section */
	};
	rootObject = 5102E01928AFFDC6006AF2AA /* Project object */;
}
